[[package]]
name = "appdirs"
version = "1.4.4"
description = "A small Python module for determining appropriate platform-specific dirs, e.g. a \"user data dir\"."
category = "main"
optional = false
python-versions = "*"

[[package]]
name = "black"
version = "20.8b1"
description = "The uncompromising code formatter."
category = "dev"
optional = false
python-versions = ">=3.6"

[package.dependencies]
appdirs = "*"
click = ">=7.1.2"
dataclasses = {version = ">=0.6", markers = "python_version < \"3.7\""}
mypy-extensions = ">=0.4.3"
pathspec = ">=0.6,<1"
regex = ">=2020.1.8"
toml = ">=0.10.1"
typed-ast = ">=1.4.0"
typing-extensions = ">=3.7.4"

[package.extras]
colorama = ["colorama (>=0.4.3)"]
d = ["aiohttp (>=3.3.2)", "aiohttp-cors"]

[[package]]
name = "cffi"
version = "1.14.5"
description = "Foreign Function Interface for Python calling C code."
category = "main"
optional = false
python-versions = "*"

[package.dependencies]
pycparser = "*"

[[package]]
name = "click"
version = "7.1.2"
description = "Composable command line interface toolkit"
category = "dev"
optional = false
python-versions = ">=2.7, !=3.0.*, !=3.1.*, !=3.2.*, !=3.3.*, !=3.4.*"

[[package]]
name = "colorama"
version = "0.4.4"
description = "Cross-platform colored terminal text."
category = "main"
optional = false
python-versions = ">=2.7, !=3.0.*, !=3.1.*, !=3.2.*, !=3.3.*, !=3.4.*"

[[package]]
name = "dataclasses"
version = "0.8"
description = "A backport of the dataclasses module for Python 3.6"
category = "dev"
optional = false
python-versions = ">=3.6, <3.7"

[[package]]
name = "importlib-metadata"
version = "3.4.0"
description = "Read metadata from Python packages"
category = "main"
optional = false
python-versions = ">=3.6"

[package.dependencies]
typing-extensions = {version = ">=3.6.4", markers = "python_version < \"3.8\""}
zipp = ">=0.5"

[package.extras]
docs = ["sphinx", "jaraco.packaging (>=8.2)", "rst.linker (>=1.9)"]
testing = ["pytest (>=3.5,!=3.7.3)", "pytest-checkdocs (>=1.2.3)", "pytest-flake8", "pytest-cov", "pytest-enabler", "packaging", "pep517", "pyfakefs", "flufl.flake8", "pytest-black (>=0.3.7)", "pytest-mypy", "importlib-resources (>=1.3)"]

[[package]]
name = "multivolumefile"
version = "0.1.3"
description = "multi volume file wrapper library"
category = "main"
optional = false
python-versions = ">=3.6"

[package.extras]
check = ["mypy (==0.701)", "mypy-extensions (==0.4.1)", "check-manifest", "flake8", "readme-renderer", "pygments", "isort (>=5.0.3)", "twine"]
test = ["pytest", "pytest-cov", "pyannotate", "coverage[toml] (>=5.2)", "coveralls (>=2.1.1)"]

[[package]]
name = "mypy-extensions"
version = "0.4.3"
description = "Experimental type system extensions for programs checked with the mypy typechecker."
category = "dev"
optional = false
python-versions = "*"

[[package]]
name = "pathspec"
version = "0.8.1"
description = "Utility library for gitignore style pattern matching of file paths."
category = "dev"
optional = false
python-versions = ">=2.7, !=3.0.*, !=3.1.*, !=3.2.*, !=3.3.*, !=3.4.*"

[[package]]
name = "ppmd-cffi"
version = "0.3.3"
description = "PPMd compression/decompression library"
category = "main"
optional = false
python-versions = "*"

[package.dependencies]
cffi = ">=1.14.0"

[package.extras]
check = ["mypy (>=0.701)", "mypy-extensions (>=0.4.1)", "check-manifest", "flake8", "readme-renderer", "pygments", "isort (>=5.0.3)", "twine"]
docs = ["sphinx (>=1.8)"]
test = ["pytest", "pytest-cov", "coverage[toml] (>=5.2)"]

[[package]]
name = "py7zr"
version = "0.12.0"
description = "Pure python 7-zip library"
category = "main"
optional = false
python-versions = ">=3.6"

[package.dependencies]
importlib-metadata = {version = "*", markers = "python_version < \"3.8\""}
multivolumefile = ">=0.1.1,<0.2.0"
ppmd-cffi = ">=0.3.1,<0.4.0"
pycryptodome = "*"
texttable = "*"
zstandard = "*"

[package.extras]
check = ["mypy (>=0.701)", "mypy-extensions (>=0.4.1)", "check-manifest", "flake8", "readme-renderer", "pygments", "isort (>=5.0.3)", "twine"]
docs = ["sphinx (>=1.8)", "sphinx-py3doc-enhanced-theme", "sphinx-a4doc", "docutils"]
test = ["pytest", "pytest-benchmark", "pytest-cov", "pytest-timeout", "pytest-remotedata", "pyannotate", "coverage[toml] (>=5.2)", "coveralls (>=2.1.1)"]
test_compat = ["libarchive-c"]

[[package]]
name = "pycparser"
version = "2.20"
description = "C parser in Python"
category = "main"
optional = false
python-versions = ">=2.7, !=3.0.*, !=3.1.*, !=3.2.*, !=3.3.*"

[[package]]
name = "pycryptodome"
version = "3.10.1"
description = "Cryptographic library for Python"
category = "main"
optional = false
python-versions = ">=2.7, !=3.0.*, !=3.1.*, !=3.2.*, !=3.3.*, !=3.4.*"

[[package]]
name = "pyqt5"
version = "5.15.2"
description = "Python bindings for the Qt cross platform application toolkit"
category = "main"
optional = false
python-versions = ">=3.5"

[package.dependencies]
PyQt5-sip = ">=12.8,<13"

[[package]]
name = "pyqt5-sip"
version = "12.8.1"
description = "The sip module support for PyQt5"
category = "main"
optional = false
python-versions = ">=3.5"

[[package]]
name = "regex"
version = "2020.11.13"
description = "Alternative regular expression module, to replace re."
category = "dev"
optional = false
python-versions = "*"

[[package]]
name = "texttable"
version = "1.6.3"
description = "module for creating simple ASCII tables"
category = "main"
optional = false
python-versions = "*"

[[package]]
name = "toml"
version = "0.10.2"
description = "Python Library for Tom's Obvious, Minimal Language"
category = "dev"
optional = false
python-versions = ">=2.6, !=3.0.*, !=3.1.*, !=3.2.*"

[[package]]
name = "typed-ast"
version = "1.4.2"
description = "a fork of Python 2 and 3 ast modules with type comment support"
category = "dev"
optional = false
python-versions = "*"

[[package]]
name = "typing-extensions"
version = "3.7.4.3"
description = "Backported and Experimental Type Hints for Python 3.5+"
category = "main"
optional = false
python-versions = "*"

[[package]]
name = "zipp"
version = "3.4.0"
description = "Backport of pathlib-compatible object wrapper for zip files"
category = "main"
optional = false
python-versions = ">=3.6"

[package.extras]
docs = ["sphinx", "jaraco.packaging (>=3.2)", "rst.linker (>=1.9)"]
testing = ["pytest (>=3.5,!=3.7.3)", "pytest-checkdocs (>=1.2.3)", "pytest-flake8", "pytest-cov", "jaraco.test (>=3.2.0)", "jaraco.itertools", "func-timeout", "pytest-black (>=0.3.7)", "pytest-mypy"]

[[package]]
name = "zstandard"
version = "0.15.1"
description = "Zstandard bindings for Python"
category = "main"
optional = false
python-versions = ">=3.5"

[package.dependencies]
cffi = {version = ">=1.11", markers = "platform_python_implementation == \"PyPy\""}

[package.extras]
cffi = ["cffi (>=1.11)"]

[metadata]
lock-version = "1.1"
python-versions = "^3.6"
content-hash = "e81350edcc49469da793edaf98354c4f4a1d6076975ad4623a040319ebc93486"

[metadata.files]
appdirs = [
    {file = "appdirs-1.4.4-py2.py3-none-any.whl", hash = "sha256:a841dacd6b99318a741b166adb07e19ee71a274450e68237b4650ca1055ab128"},
    {file = "appdirs-1.4.4.tar.gz", hash = "sha256:7d5d0167b2b1ba821647616af46a749d1c653740dd0d2415100fe26e27afdf41"},
]
black = [
    {file = "black-20.8b1.tar.gz", hash = "sha256:1c02557aa099101b9d21496f8a914e9ed2222ef70336404eeeac8edba836fbea"},
]
cffi = [
    {file = "cffi-1.14.5-cp27-cp27m-macosx_10_9_x86_64.whl", hash = "sha256:bb89f306e5da99f4d922728ddcd6f7fcebb3241fc40edebcb7284d7514741991"},
    {file = "cffi-1.14.5-cp27-cp27m-manylinux1_i686.whl", hash = "sha256:34eff4b97f3d982fb93e2831e6750127d1355a923ebaeeb565407b3d2f8d41a1"},
    {file = "cffi-1.14.5-cp27-cp27m-manylinux1_x86_64.whl", hash = "sha256:99cd03ae7988a93dd00bcd9d0b75e1f6c426063d6f03d2f90b89e29b25b82dfa"},
    {file = "cffi-1.14.5-cp27-cp27m-win32.whl", hash = "sha256:65fa59693c62cf06e45ddbb822165394a288edce9e276647f0046e1ec26920f3"},
    {file = "cffi-1.14.5-cp27-cp27m-win_amd64.whl", hash = "sha256:51182f8927c5af975fece87b1b369f722c570fe169f9880764b1ee3bca8347b5"},
    {file = "cffi-1.14.5-cp27-cp27mu-manylinux1_i686.whl", hash = "sha256:43e0b9d9e2c9e5d152946b9c5fe062c151614b262fda2e7b201204de0b99e482"},
    {file = "cffi-1.14.5-cp27-cp27mu-manylinux1_x86_64.whl", hash = "sha256:cbde590d4faaa07c72bf979734738f328d239913ba3e043b1e98fe9a39f8b2b6"},
    {file = "cffi-1.14.5-cp35-cp35m-macosx_10_9_x86_64.whl", hash = "sha256:5de7970188bb46b7bf9858eb6890aad302577a5f6f75091fd7cdd3ef13ef3045"},
    {file = "cffi-1.14.5-cp35-cp35m-manylinux1_i686.whl", hash = "sha256:a465da611f6fa124963b91bf432d960a555563efe4ed1cc403ba5077b15370aa"},
    {file = "cffi-1.14.5-cp35-cp35m-manylinux1_x86_64.whl", hash = "sha256:d42b11d692e11b6634f7613ad8df5d6d5f8875f5d48939520d351007b3c13406"},
    {file = "cffi-1.14.5-cp35-cp35m-win32.whl", hash = "sha256:72d8d3ef52c208ee1c7b2e341f7d71c6fd3157138abf1a95166e6165dd5d4369"},
    {file = "cffi-1.14.5-cp35-cp35m-win_amd64.whl", hash = "sha256:29314480e958fd8aab22e4a58b355b629c59bf5f2ac2492b61e3dc06d8c7a315"},
    {file = "cffi-1.14.5-cp36-cp36m-macosx_10_9_x86_64.whl", hash = "sha256:3d3dd4c9e559eb172ecf00a2a7517e97d1e96de2a5e610bd9b68cea3925b4892"},
    {file = "cffi-1.14.5-cp36-cp36m-manylinux1_i686.whl", hash = "sha256:48e1c69bbacfc3d932221851b39d49e81567a4d4aac3b21258d9c24578280058"},
    {file = "cffi-1.14.5-cp36-cp36m-manylinux1_x86_64.whl", hash = "sha256:69e395c24fc60aad6bb4fa7e583698ea6cc684648e1ffb7fe85e3c1ca131a7d5"},
    {file = "cffi-1.14.5-cp36-cp36m-manylinux2014_aarch64.whl", hash = "sha256:9e93e79c2551ff263400e1e4be085a1210e12073a31c2011dbbda14bda0c6132"},
    {file = "cffi-1.14.5-cp36-cp36m-win32.whl", hash = "sha256:58e3f59d583d413809d60779492342801d6e82fefb89c86a38e040c16883be53"},
    {file = "cffi-1.14.5-cp36-cp36m-win_amd64.whl", hash = "sha256:005a36f41773e148deac64b08f233873a4d0c18b053d37da83f6af4d9087b813"},
    {file = "cffi-1.14.5-cp37-cp37m-macosx_10_9_x86_64.whl", hash = "sha256:2894f2df484ff56d717bead0a5c2abb6b9d2bf26d6960c4604d5c48bbc30ee73"},
    {file = "cffi-1.14.5-cp37-cp37m-manylinux1_i686.whl", hash = "sha256:0857f0ae312d855239a55c81ef453ee8fd24136eaba8e87a2eceba644c0d4c06"},
    {file = "cffi-1.14.5-cp37-cp37m-manylinux1_x86_64.whl", hash = "sha256:cd2868886d547469123fadc46eac7ea5253ea7fcb139f12e1dfc2bbd406427d1"},
    {file = "cffi-1.14.5-cp37-cp37m-manylinux2014_aarch64.whl", hash = "sha256:35f27e6eb43380fa080dccf676dece30bef72e4a67617ffda586641cd4508d49"},
    {file = "cffi-1.14.5-cp37-cp37m-win32.whl", hash = "sha256:9ff227395193126d82e60319a673a037d5de84633f11279e336f9c0f189ecc62"},
    {file = "cffi-1.14.5-cp37-cp37m-win_amd64.whl", hash = "sha256:9cf8022fb8d07a97c178b02327b284521c7708d7c71a9c9c355c178ac4bbd3d4"},
    {file = "cffi-1.14.5-cp38-cp38-macosx_10_9_x86_64.whl", hash = "sha256:8b198cec6c72df5289c05b05b8b0969819783f9418e0409865dac47288d2a053"},
    {file = "cffi-1.14.5-cp38-cp38-manylinux1_i686.whl", hash = "sha256:ad17025d226ee5beec591b52800c11680fca3df50b8b29fe51d882576e039ee0"},
    {file = "cffi-1.14.5-cp38-cp38-manylinux1_x86_64.whl", hash = "sha256:6c97d7350133666fbb5cf4abdc1178c812cb205dc6f41d174a7b0f18fb93337e"},
    {file = "cffi-1.14.5-cp38-cp38-manylinux2014_aarch64.whl", hash = "sha256:8ae6299f6c68de06f136f1f9e69458eae58f1dacf10af5c17353eae03aa0d827"},
    {file = "cffi-1.14.5-cp38-cp38-win32.whl", hash = "sha256:b85eb46a81787c50650f2392b9b4ef23e1f126313b9e0e9013b35c15e4288e2e"},
    {file = "cffi-1.14.5-cp38-cp38-win_amd64.whl", hash = "sha256:1f436816fc868b098b0d63b8920de7d208c90a67212546d02f84fe78a9c26396"},
    {file = "cffi-1.14.5-cp39-cp39-macosx_10_9_x86_64.whl", hash = "sha256:1071534bbbf8cbb31b498d5d9db0f274f2f7a865adca4ae429e147ba40f73dea"},
    {file = "cffi-1.14.5-cp39-cp39-manylinux1_i686.whl", hash = "sha256:9de2e279153a443c656f2defd67769e6d1e4163952b3c622dcea5b08a6405322"},
    {file = "cffi-1.14.5-cp39-cp39-manylinux1_x86_64.whl", hash = "sha256:6e4714cc64f474e4d6e37cfff31a814b509a35cb17de4fb1999907575684479c"},
    {file = "cffi-1.14.5-cp39-cp39-manylinux2014_aarch64.whl", hash = "sha256:158d0d15119b4b7ff6b926536763dc0714313aa59e320ddf787502c70c4d4bee"},
    {file = "cffi-1.14.5-cp39-cp39-win32.whl", hash = "sha256:afb29c1ba2e5a3736f1c301d9d0abe3ec8b86957d04ddfa9d7a6a42b9367e396"},
    {file = "cffi-1.14.5-cp39-cp39-win_amd64.whl", hash = "sha256:f2d45f97ab6bb54753eab54fffe75aaf3de4ff2341c9daee1987ee1837636f1d"},
    {file = "cffi-1.14.5.tar.gz", hash = "sha256:fd78e5fee591709f32ef6edb9a015b4aa1a5022598e36227500c8f4e02328d9c"},
]
click = [
    {file = "click-7.1.2-py2.py3-none-any.whl", hash = "sha256:dacca89f4bfadd5de3d7489b7c8a566eee0d3676333fbb50030263894c38c0dc"},
    {file = "click-7.1.2.tar.gz", hash = "sha256:d2b5255c7c6349bc1bd1e59e08cd12acbbd63ce649f2588755783aa94dfb6b1a"},
]
colorama = [
    {file = "colorama-0.4.4-py2.py3-none-any.whl", hash = "sha256:9f47eda37229f68eee03b24b9748937c7dc3868f906e8ba69fbcbdd3bc5dc3e2"},
    {file = "colorama-0.4.4.tar.gz", hash = "sha256:5941b2b48a20143d2267e95b1c2a7603ce057ee39fd88e7329b0c292aa16869b"},
]
dataclasses = [
    {file = "dataclasses-0.8-py3-none-any.whl", hash = "sha256:0201d89fa866f68c8ebd9d08ee6ff50c0b255f8ec63a71c16fda7af82bb887bf"},
    {file = "dataclasses-0.8.tar.gz", hash = "sha256:8479067f342acf957dc82ec415d355ab5edb7e7646b90dc6e2fd1d96ad084c97"},
]
importlib-metadata = [
    {file = "importlib_metadata-3.4.0-py3-none-any.whl", hash = "sha256:ace61d5fc652dc280e7b6b4ff732a9c2d40db2c0f92bc6cb74e07b73d53a1771"},
    {file = "importlib_metadata-3.4.0.tar.gz", hash = "sha256:fa5daa4477a7414ae34e95942e4dd07f62adf589143c875c133c1e53c4eff38d"},
]
multivolumefile = [
    {file = "multivolumefile-0.1.3-py3-none-any.whl", hash = "sha256:788e1759bedcd33de7f73a83284114d794e06a7f65cda5196e43ccf38695525f"},
    {file = "multivolumefile-0.1.3.tar.gz", hash = "sha256:2ad324547456f0a43eaf16f144904adfcc2ad0ce6925577408b3548a17eb4a93"},
]
mypy-extensions = [
    {file = "mypy_extensions-0.4.3-py2.py3-none-any.whl", hash = "sha256:090fedd75945a69ae91ce1303b5824f428daf5a028d2f6ab8a299250a846f15d"},
    {file = "mypy_extensions-0.4.3.tar.gz", hash = "sha256:2d82818f5bb3e369420cb3c4060a7970edba416647068eb4c5343488a6c604a8"},
]
pathspec = [
    {file = "pathspec-0.8.1-py2.py3-none-any.whl", hash = "sha256:aa0cb481c4041bf52ffa7b0d8fa6cd3e88a2ca4879c533c9153882ee2556790d"},
    {file = "pathspec-0.8.1.tar.gz", hash = "sha256:86379d6b86d75816baba717e64b1a3a3469deb93bb76d613c9ce79edc5cb68fd"},
]
ppmd-cffi = [
    {file = "ppmd-cffi-0.3.3.tar.gz", hash = "sha256:e07f79f0de07d8d26387c75087258b8e33d812c4e58856db8ed0dc6b686a8c07"},
    {file = "ppmd_cffi-0.3.3-cp35-cp35m-manylinux2014_aarch64.whl", hash = "sha256:ee93179fa70c26eaaf339a74df3535afe184a3f156d56b371a593e3df8661dbc"},
    {file = "ppmd_cffi-0.3.3-cp36-cp36m-macosx_10_14_x86_64.whl", hash = "sha256:bec89595cba4f5761974b365f593673e08b23841c2823acdb90988d60ed77dd8"},
    {file = "ppmd_cffi-0.3.3-cp36-cp36m-manylinux1_x86_64.whl", hash = "sha256:a8f44cf1133d899a13eabf585ef63fb24369b254bf7c2b3da3d7d892c061a20b"},
    {file = "ppmd_cffi-0.3.3-cp36-cp36m-manylinux2014_aarch64.whl", hash = "sha256:f0280c36836379d709b9ab73489334e4887a237ef4f42bb49b034719536202af"},
    {file = "ppmd_cffi-0.3.3-cp36-cp36m-manylinux2014_x86_64.whl", hash = "sha256:f3fb973e6f6505c4c54af1e80d51291d3d73dde735c56ef7db182a6bb958b53a"},
    {file = "ppmd_cffi-0.3.3-cp36-cp36m-win_amd64.whl", hash = "sha256:e0eed831567448ae6550575d53b43504e564e00eb9642f15c4ad6b32f60f0eac"},
    {file = "ppmd_cffi-0.3.3-cp37-cp37m-macosx_10_14_x86_64.whl", hash = "sha256:2b6cc7a97685f12490807d31599d7a4b397aa07e6cf3dbd31cc35a89e07e9ebc"},
    {file = "ppmd_cffi-0.3.3-cp37-cp37m-manylinux1_x86_64.whl", hash = "sha256:a951b84a8f98891bdd178cc0e751b93a049d6b2d63c4110f65b5b19effe24d33"},
    {file = "ppmd_cffi-0.3.3-cp37-cp37m-manylinux2014_aarch64.whl", hash = "sha256:6203520f09cc490eafe0f66f520f06e4216190461615f5f8b6c5bcd603914305"},
    {file = "ppmd_cffi-0.3.3-cp37-cp37m-manylinux2014_x86_64.whl", hash = "sha256:36e247e2bb4691caa35f1707488a171099621b576dbf71c5ecb91674b0e15105"},
    {file = "ppmd_cffi-0.3.3-cp37-cp37m-win_amd64.whl", hash = "sha256:81871c623d15b6e27c4b7d0b5c52494918d082e08ea644c9755c43e46d2163a8"},
    {file = "ppmd_cffi-0.3.3-cp38-cp38-macosx_10_14_x86_64.whl", hash = "sha256:5105b290ab6ba0022b3bc38b597191df26893f4751c440ca9b8ee58566c40602"},
    {file = "ppmd_cffi-0.3.3-cp38-cp38-manylinux1_x86_64.whl", hash = "sha256:d6622e81ec12da77548da5125f87579a067cb7bc69c83b27aa8265176a2d8ee0"},
    {file = "ppmd_cffi-0.3.3-cp38-cp38-manylinux2014_aarch64.whl", hash = "sha256:a9b8a82ff9e0b74d60f5aa56123c0f0f72f125cf32e2e683fa8329e1413652a1"},
    {file = "ppmd_cffi-0.3.3-cp38-cp38-manylinux2014_x86_64.whl", hash = "sha256:8da1c7f733f860e4bd21b5ef9f3da28112d36d5b45332de42273279182fcd758"},
    {file = "ppmd_cffi-0.3.3-cp38-cp38-win_amd64.whl", hash = "sha256:b0d4a9672f6f3e81073f53f4932b4bfcd69ef64f762863e620a0de9bb73278a3"},
    {file = "ppmd_cffi-0.3.3-cp39-cp39-macosx_10_14_x86_64.whl", hash = "sha256:f7d7939c343cd22fd7f993394247b6397177b674189f118a31ef512414478eb0"},
    {file = "ppmd_cffi-0.3.3-cp39-cp39-manylinux1_x86_64.whl", hash = "sha256:cec0cf927ba744a316b4ffe8a282b05b8273cba8b4528f0abc35fd20145f1a0c"},
    {file = "ppmd_cffi-0.3.3-cp39-cp39-manylinux2014_aarch64.whl", hash = "sha256:4c03aa6ff9b4c24ca3a9b1aa618d28a3c22e657804c264dfef46e6b6e1d852ae"},
    {file = "ppmd_cffi-0.3.3-cp39-cp39-manylinux2014_x86_64.whl", hash = "sha256:c91375b02b1377209aa2e8e526aa5cd171648c12e2fbc80368c96e2a7aa80081"},
    {file = "ppmd_cffi-0.3.3-cp39-cp39-win_amd64.whl", hash = "sha256:e39bd1d60136d684bbdda12814e4ce2711fe8ed449d15a2eb911bcdef4f672ca"},
]
py7zr = [
    {file = "py7zr-0.12.0-py3-none-any.whl", hash = "sha256:f387c406261acd23be5acf2043b93f7abb0b64cd29195eb7e2afeb1c47dce6bd"},
    {file = "py7zr-0.12.0.tar.gz", hash = "sha256:8d9655431a0b2dcfd7d10d41aeee3af0e7a77b24d6530d57218195c85bcb120d"},
]
pycparser = [
    {file = "pycparser-2.20-py2.py3-none-any.whl", hash = "sha256:7582ad22678f0fcd81102833f60ef8d0e57288b6b5fb00323d101be910e35705"},
    {file = "pycparser-2.20.tar.gz", hash = "sha256:2d475327684562c3a96cc71adf7dc8c4f0565175cf86b6d7a404ff4c771f15f0"},
]
pycryptodome = [
    {file = "pycryptodome-3.10.1-cp27-cp27m-macosx_10_9_x86_64.whl", hash = "sha256:1c5e1ca507de2ad93474be5cfe2bfa76b7cf039a1a32fc196f40935944871a06"},
    {file = "pycryptodome-3.10.1-cp27-cp27m-manylinux1_i686.whl", hash = "sha256:6260e24d41149268122dd39d4ebd5941e9d107f49463f7e071fd397e29923b0c"},
    {file = "pycryptodome-3.10.1-cp27-cp27m-manylinux1_x86_64.whl", hash = "sha256:3f840c49d38986f6e17dbc0673d37947c88bc9d2d9dba1c01b979b36f8447db1"},
    {file = "pycryptodome-3.10.1-cp27-cp27m-manylinux2010_i686.whl", hash = "sha256:2dea65df54349cdfa43d6b2e8edb83f5f8d6861e5cf7b1fbc3e34c5694c85e27"},
    {file = "pycryptodome-3.10.1-cp27-cp27m-manylinux2010_x86_64.whl", hash = "sha256:e61e363d9a5d7916f3a4ce984a929514c0df3daf3b1b2eb5e6edbb131ee771cf"},
    {file = "pycryptodome-3.10.1-cp27-cp27m-manylinux2014_aarch64.whl", hash = "sha256:2603c98ae04aac675fefcf71a6c87dc4bb74a75e9071ae3923bbc91a59f08d35"},
    {file = "pycryptodome-3.10.1-cp27-cp27m-win32.whl", hash = "sha256:38661348ecb71476037f1e1f553159b80d256c00f6c0b00502acac891f7116d9"},
    {file = "pycryptodome-3.10.1-cp27-cp27m-win_amd64.whl", hash = "sha256:1723ebee5561628ce96748501cdaa7afaa67329d753933296321f0be55358dce"},
    {file = "pycryptodome-3.10.1-cp27-cp27mu-manylinux1_i686.whl", hash = "sha256:77997519d8eb8a4adcd9a47b9cec18f9b323e296986528186c0e9a7a15d6a07e"},
    {file = "pycryptodome-3.10.1-cp27-cp27mu-manylinux1_x86_64.whl", hash = "sha256:99b2f3fc51d308286071d0953f92055504a6ffe829a832a9fc7a04318a7683dd"},
    {file = "pycryptodome-3.10.1-cp27-cp27mu-manylinux2010_i686.whl", hash = "sha256:e0a4d5933a88a2c98bbe19c0c722f5483dc628d7a38338ac2cb64a7dbd34064b"},
    {file = "pycryptodome-3.10.1-cp27-cp27mu-manylinux2010_x86_64.whl", hash = "sha256:d3d6958d53ad307df5e8469cc44474a75393a434addf20ecd451f38a72fe29b8"},
    {file = "pycryptodome-3.10.1-cp27-cp27mu-manylinux2014_aarch64.whl", hash = "sha256:a8eb8b6ea09ec1c2535bf39914377bc8abcab2c7d30fa9225eb4fe412024e427"},
    {file = "pycryptodome-3.10.1-cp35-abi3-macosx_10_9_x86_64.whl", hash = "sha256:31c1df17b3dc5f39600a4057d7db53ac372f492c955b9b75dd439f5d8b460129"},
    {file = "pycryptodome-3.10.1-cp35-abi3-manylinux1_i686.whl", hash = "sha256:a3105a0eb63eacf98c2ecb0eb4aa03f77f40fbac2bdde22020bb8a536b226bb8"},
    {file = "pycryptodome-3.10.1-cp35-abi3-manylinux1_x86_64.whl", hash = "sha256:a92d5c414e8ee1249e850789052608f582416e82422502dc0ac8c577808a9067"},
    {file = "pycryptodome-3.10.1-cp35-abi3-manylinux2010_i686.whl", hash = "sha256:60386d1d4cfaad299803b45a5bc2089696eaf6cdd56f9fc17479a6f89595cfc8"},
    {file = "pycryptodome-3.10.1-cp35-abi3-manylinux2010_x86_64.whl", hash = "sha256:501ab36aae360e31d0ec370cf5ce8ace6cb4112060d099b993bc02b36ac83fb6"},
    {file = "pycryptodome-3.10.1-cp35-abi3-manylinux2014_aarch64.whl", hash = "sha256:fc7489a50323a0df02378bc2fff86eb69d94cc5639914346c736be981c6a02e7"},
    {file = "pycryptodome-3.10.1-cp35-abi3-win32.whl", hash = "sha256:9b6f711b25e01931f1c61ce0115245a23cdc8b80bf8539ac0363bdcf27d649b6"},
    {file = "pycryptodome-3.10.1-cp35-abi3-win_amd64.whl", hash = "sha256:7fd519b89585abf57bf47d90166903ec7b43af4fe23c92273ea09e6336af5c07"},
    {file = "pycryptodome-3.10.1-pp27-pypy_73-macosx_10_9_x86_64.whl", hash = "sha256:09c1555a3fa450e7eaca41ea11cd00afe7c91fef52353488e65663777d8524e0"},
    {file = "pycryptodome-3.10.1-pp27-pypy_73-manylinux1_x86_64.whl", hash = "sha256:758949ca62690b1540dfb24ad773c6da9cd0e425189e83e39c038bbd52b8e438"},
    {file = "pycryptodome-3.10.1-pp27-pypy_73-manylinux2010_x86_64.whl", hash = "sha256:e3bf558c6aeb49afa9f0c06cee7fb5947ee5a1ff3bd794b653d39926b49077fa"},
    {file = "pycryptodome-3.10.1-pp27-pypy_73-win32.whl", hash = "sha256:f977cdf725b20f6b8229b0c87acb98c7717e742ef9f46b113985303ae12a99da"},
    {file = "pycryptodome-3.10.1-pp36-pypy36_pp73-macosx_10_9_x86_64.whl", hash = "sha256:6d2df5223b12437e644ce0a3be7809471ffa71de44ccd28b02180401982594a6"},
    {file = "pycryptodome-3.10.1-pp36-pypy36_pp73-manylinux1_x86_64.whl", hash = "sha256:98213ac2b18dc1969a47bc65a79a8fca02a414249d0c8635abb081c7f38c91b6"},
    {file = "pycryptodome-3.10.1-pp36-pypy36_pp73-manylinux2010_x86_64.whl", hash = "sha256:12222a5edc9ca4a29de15fbd5339099c4c26c56e13c2ceddf0b920794f26165d"},
    {file = "pycryptodome-3.10.1-pp36-pypy36_pp73-win32.whl", hash = "sha256:6bbf7fee7b7948b29d7e71fcacf48bac0c57fb41332007061a933f2d996f9713"},
    {file = "pycryptodome-3.10.1.tar.gz", hash = "sha256:3e2e3a06580c5f190df843cdb90ea28d61099cf4924334d5297a995de68e4673"},
]
pyqt5 = [
    {file = "PyQt5-5.15.2-5.15.2-cp35.cp36.cp37.cp38.cp39-abi3-macosx_10_13_intel.whl", hash = "sha256:894ca4ae767a8d6cf5903784b71f755073c78cb8c167eecf6e4ed6b3b055ac6a"},
    {file = "PyQt5-5.15.2-5.15.2-cp35.cp36.cp37.cp38.cp39-abi3-manylinux2014_x86_64.whl", hash = "sha256:29889845688a54d62820585ad5b2e0200a36b304ff3d7a555e95599f110ba4ce"},
    {file = "PyQt5-5.15.2-5.15.2-cp35.cp36.cp37.cp38.cp39-none-win32.whl", hash = "sha256:ea24f24b7679bf393dd2e4f53fe0ce65021be18304c1ff7a226c2fc5c356d0da"},
    {file = "PyQt5-5.15.2-5.15.2-cp35.cp36.cp37.cp38.cp39-none-win_amd64.whl", hash = "sha256:faaecb76ec65e12673a968e7f5bc02495957e6996f0a3fa0d98895f9e4113746"},
    {file = "PyQt5-5.15.2.tar.gz", hash = "sha256:372b08dc9321d1201e4690182697c5e7ffb2e0770e6b4a45519025134b12e4fc"},
]
pyqt5-sip = [
    {file = "PyQt5_sip-12.8.1-cp35-cp35m-macosx_10_6_intel.whl", hash = "sha256:bb5a87b66fc1445915104ee97f7a20a69decb42f52803e3b0795fa17ff88226c"},
    {file = "PyQt5_sip-12.8.1-cp35-cp35m-manylinux1_x86_64.whl", hash = "sha256:a29e2ac399429d3b7738f73e9081e50783e61ac5d29344e0802d0dcd6056c5a2"},
    {file = "PyQt5_sip-12.8.1-cp35-cp35m-win32.whl", hash = "sha256:0304ca9114b9817a270f67f421355075b78ff9fc25ac58ffd72c2601109d2194"},
    {file = "PyQt5_sip-12.8.1-cp35-cp35m-win_amd64.whl", hash = "sha256:84ba7746762bd223bed22428e8561aa267a229c28344c2d28c5d5d3f8970cffb"},
    {file = "PyQt5_sip-12.8.1-cp36-cp36m-macosx_10_6_intel.whl", hash = "sha256:7b81382ce188d63890a0e35abe0f9bb946cabc873a31873b73583b0fc84ac115"},
    {file = "PyQt5_sip-12.8.1-cp36-cp36m-manylinux1_x86_64.whl", hash = "sha256:b6d42250baec52a5f77de64e2951d001c5501c3a2df2179f625b241cbaec3369"},
    {file = "PyQt5_sip-12.8.1-cp36-cp36m-win32.whl", hash = "sha256:6c1ebee60f1d2b3c70aff866b7933d8d8d7646011f7c32f9321ee88c290aa4f9"},
    {file = "PyQt5_sip-12.8.1-cp36-cp36m-win_amd64.whl", hash = "sha256:34dcd29be47553d5f016ff86e89e24cbc5eebae92eb2f96fb32d2d7ba028c43c"},
    {file = "PyQt5_sip-12.8.1-cp37-cp37m-macosx_10_9_x86_64.whl", hash = "sha256:ed897c58acf4a3cdca61469daa31fe6e44c33c6c06a37c3f21fab31780b3b86a"},
    {file = "PyQt5_sip-12.8.1-cp37-cp37m-manylinux1_x86_64.whl", hash = "sha256:a1b8ef013086e224b8e86c93f880f776d01b59195bdfa2a8e0b23f0480678fec"},
    {file = "PyQt5_sip-12.8.1-cp37-cp37m-win32.whl", hash = "sha256:0cd969be528c27bbd4755bd323dff4a79a8fdda28215364e6ce3e069cb56c2a9"},
    {file = "PyQt5_sip-12.8.1-cp37-cp37m-win_amd64.whl", hash = "sha256:c9800729badcb247765e4ffe2241549d02da1fa435b9db224845bc37c3e99cb0"},
    {file = "PyQt5_sip-12.8.1-cp38-cp38-macosx_10_9_x86_64.whl", hash = "sha256:9312ec47cac4e33c11503bc1cbeeb0bdae619620472f38e2078c5a51020a930f"},
    {file = "PyQt5_sip-12.8.1-cp38-cp38-manylinux1_x86_64.whl", hash = "sha256:2f35e82fd7ec1e1f6716e9154721c7594956a4f5bd4f826d8c6a6453833cc2f0"},
    {file = "PyQt5_sip-12.8.1-cp38-cp38-win32.whl", hash = "sha256:da9c9f1e65b9d09e73bd75befc82961b6b61b5a3b9d0a7c832168e1415f163c6"},
    {file = "PyQt5_sip-12.8.1-cp38-cp38-win_amd64.whl", hash = "sha256:832fd60a264de4134c2824d393320838f3ab648180c9c357ec58a74524d24507"},
    {file = "PyQt5_sip-12.8.1-cp39-cp39-macosx_10_9_x86_64.whl", hash = "sha256:c317ab1263e6417c498b81f5c970a9b1af7acefab1f80b4cc0f2f8e661f29fc5"},
    {file = "PyQt5_sip-12.8.1-cp39-cp39-manylinux1_x86_64.whl", hash = "sha256:c9d6d448c29dc6606bb7974696608f81f4316c8234f7c7216396ed110075e777"},
    {file = "PyQt5_sip-12.8.1-cp39-cp39-win32.whl", hash = "sha256:5a011aeff89660622a6d5c3388d55a9d76932f3b82c95e82fc31abd8b1d2990d"},
    {file = "PyQt5_sip-12.8.1-cp39-cp39-win_amd64.whl", hash = "sha256:f168f0a7f32b81bfeffdf003c36f25d81c97dee5eb67072a5183e761fe250f13"},
    {file = "PyQt5_sip-12.8.1.tar.gz", hash = "sha256:30e944db9abee9cc757aea16906d4198129558533eb7fadbe48c5da2bd18e0bd"},
]
regex = [
    {file = "regex-2020.11.13-cp36-cp36m-macosx_10_9_x86_64.whl", hash = "sha256:8b882a78c320478b12ff024e81dc7d43c1462aa4a3341c754ee65d857a521f85"},
    {file = "regex-2020.11.13-cp36-cp36m-manylinux1_i686.whl", hash = "sha256:a63f1a07932c9686d2d416fb295ec2c01ab246e89b4d58e5fa468089cab44b70"},
    {file = "regex-2020.11.13-cp36-cp36m-manylinux1_x86_64.whl", hash = "sha256:6e4b08c6f8daca7d8f07c8d24e4331ae7953333dbd09c648ed6ebd24db5a10ee"},
    {file = "regex-2020.11.13-cp36-cp36m-manylinux2010_i686.whl", hash = "sha256:bba349276b126947b014e50ab3316c027cac1495992f10e5682dc677b3dfa0c5"},
    {file = "regex-2020.11.13-cp36-cp36m-manylinux2010_x86_64.whl", hash = "sha256:56e01daca75eae420bce184edd8bb341c8eebb19dd3bce7266332258f9fb9dd7"},
    {file = "regex-2020.11.13-cp36-cp36m-manylinux2014_aarch64.whl", hash = "sha256:6a8ce43923c518c24a2579fda49f093f1397dad5d18346211e46f134fc624e31"},
    {file = "regex-2020.11.13-cp36-cp36m-manylinux2014_i686.whl", hash = "sha256:1ab79fcb02b930de09c76d024d279686ec5d532eb814fd0ed1e0051eb8bd2daa"},
    {file = "regex-2020.11.13-cp36-cp36m-manylinux2014_x86_64.whl", hash = "sha256:9801c4c1d9ae6a70aeb2128e5b4b68c45d4f0af0d1535500884d644fa9b768c6"},
    {file = "regex-2020.11.13-cp36-cp36m-win32.whl", hash = "sha256:49cae022fa13f09be91b2c880e58e14b6da5d10639ed45ca69b85faf039f7a4e"},
    {file = "regex-2020.11.13-cp36-cp36m-win_amd64.whl", hash = "sha256:749078d1eb89484db5f34b4012092ad14b327944ee7f1c4f74d6279a6e4d1884"},
    {file = "regex-2020.11.13-cp37-cp37m-macosx_10_9_x86_64.whl", hash = "sha256:b2f4007bff007c96a173e24dcda236e5e83bde4358a557f9ccf5e014439eae4b"},
    {file = "regex-2020.11.13-cp37-cp37m-manylinux1_i686.whl", hash = "sha256:38c8fd190db64f513fe4e1baa59fed086ae71fa45083b6936b52d34df8f86a88"},
    {file = "regex-2020.11.13-cp37-cp37m-manylinux1_x86_64.whl", hash = "sha256:5862975b45d451b6db51c2e654990c1820523a5b07100fc6903e9c86575202a0"},
    {file = "regex-2020.11.13-cp37-cp37m-manylinux2010_i686.whl", hash = "sha256:262c6825b309e6485ec2493ffc7e62a13cf13fb2a8b6d212f72bd53ad34118f1"},
    {file = "regex-2020.11.13-cp37-cp37m-manylinux2010_x86_64.whl", hash = "sha256:bafb01b4688833e099d79e7efd23f99172f501a15c44f21ea2118681473fdba0"},
    {file = "regex-2020.11.13-cp37-cp37m-manylinux2014_aarch64.whl", hash = "sha256:e32f5f3d1b1c663af7f9c4c1e72e6ffe9a78c03a31e149259f531e0fed826512"},
    {file = "regex-2020.11.13-cp37-cp37m-manylinux2014_i686.whl", hash = "sha256:3bddc701bdd1efa0d5264d2649588cbfda549b2899dc8d50417e47a82e1387ba"},
    {file = "regex-2020.11.13-cp37-cp37m-manylinux2014_x86_64.whl", hash = "sha256:02951b7dacb123d8ea6da44fe45ddd084aa6777d4b2454fa0da61d569c6fa538"},
    {file = "regex-2020.11.13-cp37-cp37m-win32.whl", hash = "sha256:0d08e71e70c0237883d0bef12cad5145b84c3705e9c6a588b2a9c7080e5af2a4"},
    {file = "regex-2020.11.13-cp37-cp37m-win_amd64.whl", hash = "sha256:1fa7ee9c2a0e30405e21031d07d7ba8617bc590d391adfc2b7f1e8b99f46f444"},
    {file = "regex-2020.11.13-cp38-cp38-macosx_10_9_x86_64.whl", hash = "sha256:baf378ba6151f6e272824b86a774326f692bc2ef4cc5ce8d5bc76e38c813a55f"},
    {file = "regex-2020.11.13-cp38-cp38-manylinux1_i686.whl", hash = "sha256:e3faaf10a0d1e8e23a9b51d1900b72e1635c2d5b0e1bea1c18022486a8e2e52d"},
    {file = "regex-2020.11.13-cp38-cp38-manylinux1_x86_64.whl", hash = "sha256:2a11a3e90bd9901d70a5b31d7dd85114755a581a5da3fc996abfefa48aee78af"},
    {file = "regex-2020.11.13-cp38-cp38-manylinux2010_i686.whl", hash = "sha256:d1ebb090a426db66dd80df8ca85adc4abfcbad8a7c2e9a5ec7513ede522e0a8f"},
    {file = "regex-2020.11.13-cp38-cp38-manylinux2010_x86_64.whl", hash = "sha256:b2b1a5ddae3677d89b686e5c625fc5547c6e492bd755b520de5332773a8af06b"},
    {file = "regex-2020.11.13-cp38-cp38-manylinux2014_aarch64.whl", hash = "sha256:2c99e97d388cd0a8d30f7c514d67887d8021541b875baf09791a3baad48bb4f8"},
    {file = "regex-2020.11.13-cp38-cp38-manylinux2014_i686.whl", hash = "sha256:c084582d4215593f2f1d28b65d2a2f3aceff8342aa85afd7be23a9cad74a0de5"},
    {file = "regex-2020.11.13-cp38-cp38-manylinux2014_x86_64.whl", hash = "sha256:a3d748383762e56337c39ab35c6ed4deb88df5326f97a38946ddd19028ecce6b"},
    {file = "regex-2020.11.13-cp38-cp38-win32.whl", hash = "sha256:7913bd25f4ab274ba37bc97ad0e21c31004224ccb02765ad984eef43e04acc6c"},
    {file = "regex-2020.11.13-cp38-cp38-win_amd64.whl", hash = "sha256:6c54ce4b5d61a7129bad5c5dc279e222afd00e721bf92f9ef09e4fae28755683"},
    {file = "regex-2020.11.13-cp39-cp39-macosx_10_9_x86_64.whl", hash = "sha256:1862a9d9194fae76a7aaf0150d5f2a8ec1da89e8b55890b1786b8f88a0f619dc"},
    {file = "regex-2020.11.13-cp39-cp39-manylinux1_i686.whl", hash = "sha256:4902e6aa086cbb224241adbc2f06235927d5cdacffb2425c73e6570e8d862364"},
    {file = "regex-2020.11.13-cp39-cp39-manylinux1_x86_64.whl", hash = "sha256:7a25fcbeae08f96a754b45bdc050e1fb94b95cab046bf56b016c25e9ab127b3e"},
    {file = "regex-2020.11.13-cp39-cp39-manylinux2010_i686.whl", hash = "sha256:d2d8ce12b7c12c87e41123997ebaf1a5767a5be3ec545f64675388970f415e2e"},
    {file = "regex-2020.11.13-cp39-cp39-manylinux2010_x86_64.whl", hash = "sha256:f7d29a6fc4760300f86ae329e3b6ca28ea9c20823df123a2ea8693e967b29917"},
    {file = "regex-2020.11.13-cp39-cp39-manylinux2014_aarch64.whl", hash = "sha256:717881211f46de3ab130b58ec0908267961fadc06e44f974466d1887f865bd5b"},
    {file = "regex-2020.11.13-cp39-cp39-manylinux2014_i686.whl", hash = "sha256:3128e30d83f2e70b0bed9b2a34e92707d0877e460b402faca908c6667092ada9"},
    {file = "regex-2020.11.13-cp39-cp39-manylinux2014_x86_64.whl", hash = "sha256:8f6a2229e8ad946e36815f2a03386bb8353d4bde368fdf8ca5f0cb97264d3b5c"},
    {file = "regex-2020.11.13-cp39-cp39-win32.whl", hash = "sha256:f8f295db00ef5f8bae530fc39af0b40486ca6068733fb860b42115052206466f"},
    {file = "regex-2020.11.13-cp39-cp39-win_amd64.whl", hash = "sha256:a15f64ae3a027b64496a71ab1f722355e570c3fac5ba2801cafce846bf5af01d"},
    {file = "regex-2020.11.13.tar.gz", hash = "sha256:83d6b356e116ca119db8e7c6fc2983289d87b27b3fac238cfe5dca529d884562"},
]
texttable = [
    {file = "texttable-1.6.3-py2.py3-none-any.whl", hash = "sha256:f802f2ef8459058736264210f716c757cbf85007a30886d8541aa8c3404f1dda"},
    {file = "texttable-1.6.3.tar.gz", hash = "sha256:ce0faf21aa77d806bbff22b107cc22cce68dc9438f97a2df32c93e9afa4ce436"},
]
toml = [
    {file = "toml-0.10.2-py2.py3-none-any.whl", hash = "sha256:806143ae5bfb6a3c6e736a764057db0e6a0e05e338b5630894a5f779cabb4f9b"},
    {file = "toml-0.10.2.tar.gz", hash = "sha256:b3bda1d108d5dd99f4a20d24d9c348e91c4db7ab1b749200bded2f839ccbe68f"},
]
typed-ast = [
    {file = "typed_ast-1.4.2-cp35-cp35m-manylinux1_i686.whl", hash = "sha256:7703620125e4fb79b64aa52427ec192822e9f45d37d4b6625ab37ef403e1df70"},
    {file = "typed_ast-1.4.2-cp35-cp35m-manylinux1_x86_64.whl", hash = "sha256:c9aadc4924d4b5799112837b226160428524a9a45f830e0d0f184b19e4090487"},
    {file = "typed_ast-1.4.2-cp35-cp35m-manylinux2014_aarch64.whl", hash = "sha256:9ec45db0c766f196ae629e509f059ff05fc3148f9ffd28f3cfe75d4afb485412"},
    {file = "typed_ast-1.4.2-cp35-cp35m-win32.whl", hash = "sha256:85f95aa97a35bdb2f2f7d10ec5bbdac0aeb9dafdaf88e17492da0504de2e6400"},
    {file = "typed_ast-1.4.2-cp35-cp35m-win_amd64.whl", hash = "sha256:9044ef2df88d7f33692ae3f18d3be63dec69c4fb1b5a4a9ac950f9b4ba571606"},
    {file = "typed_ast-1.4.2-cp36-cp36m-macosx_10_9_x86_64.whl", hash = "sha256:c1c876fd795b36126f773db9cbb393f19808edd2637e00fd6caba0e25f2c7b64"},
    {file = "typed_ast-1.4.2-cp36-cp36m-manylinux1_i686.whl", hash = "sha256:5dcfc2e264bd8a1db8b11a892bd1647154ce03eeba94b461effe68790d8b8e07"},
    {file = "typed_ast-1.4.2-cp36-cp36m-manylinux1_x86_64.whl", hash = "sha256:8db0e856712f79c45956da0c9a40ca4246abc3485ae0d7ecc86a20f5e4c09abc"},
    {file = "typed_ast-1.4.2-cp36-cp36m-manylinux2014_aarch64.whl", hash = "sha256:d003156bb6a59cda9050e983441b7fa2487f7800d76bdc065566b7d728b4581a"},
    {file = "typed_ast-1.4.2-cp36-cp36m-win32.whl", hash = "sha256:4c790331247081ea7c632a76d5b2a265e6d325ecd3179d06e9cf8d46d90dd151"},
    {file = "typed_ast-1.4.2-cp36-cp36m-win_amd64.whl", hash = "sha256:d175297e9533d8d37437abc14e8a83cbc68af93cc9c1c59c2c292ec59a0697a3"},
    {file = "typed_ast-1.4.2-cp37-cp37m-macosx_10_9_x86_64.whl", hash = "sha256:cf54cfa843f297991b7388c281cb3855d911137223c6b6d2dd82a47ae5125a41"},
    {file = "typed_ast-1.4.2-cp37-cp37m-manylinux1_i686.whl", hash = "sha256:b4fcdcfa302538f70929eb7b392f536a237cbe2ed9cba88e3bf5027b39f5f77f"},
    {file = "typed_ast-1.4.2-cp37-cp37m-manylinux1_x86_64.whl", hash = "sha256:987f15737aba2ab5f3928c617ccf1ce412e2e321c77ab16ca5a293e7bbffd581"},
    {file = "typed_ast-1.4.2-cp37-cp37m-manylinux2014_aarch64.whl", hash = "sha256:37f48d46d733d57cc70fd5f30572d11ab8ed92da6e6b28e024e4a3edfb456e37"},
    {file = "typed_ast-1.4.2-cp37-cp37m-win32.whl", hash = "sha256:36d829b31ab67d6fcb30e185ec996e1f72b892255a745d3a82138c97d21ed1cd"},
    {file = "typed_ast-1.4.2-cp37-cp37m-win_amd64.whl", hash = "sha256:8368f83e93c7156ccd40e49a783a6a6850ca25b556c0fa0240ed0f659d2fe496"},
    {file = "typed_ast-1.4.2-cp38-cp38-macosx_10_9_x86_64.whl", hash = "sha256:963c80b583b0661918718b095e02303d8078950b26cc00b5e5ea9ababe0de1fc"},
    {file = "typed_ast-1.4.2-cp38-cp38-manylinux1_i686.whl", hash = "sha256:e683e409e5c45d5c9082dc1daf13f6374300806240719f95dc783d1fc942af10"},
    {file = "typed_ast-1.4.2-cp38-cp38-manylinux1_x86_64.whl", hash = "sha256:84aa6223d71012c68d577c83f4e7db50d11d6b1399a9c779046d75e24bed74ea"},
    {file = "typed_ast-1.4.2-cp38-cp38-manylinux2014_aarch64.whl", hash = "sha256:a38878a223bdd37c9709d07cd357bb79f4c760b29210e14ad0fb395294583787"},
    {file = "typed_ast-1.4.2-cp38-cp38-win32.whl", hash = "sha256:a2c927c49f2029291fbabd673d51a2180038f8cd5a5b2f290f78c4516be48be2"},
    {file = "typed_ast-1.4.2-cp38-cp38-win_amd64.whl", hash = "sha256:c0c74e5579af4b977c8b932f40a5464764b2f86681327410aa028a22d2f54937"},
    {file = "typed_ast-1.4.2-cp39-cp39-macosx_10_9_x86_64.whl", hash = "sha256:07d49388d5bf7e863f7fa2f124b1b1d89d8aa0e2f7812faff0a5658c01c59aa1"},
    {file = "typed_ast-1.4.2-cp39-cp39-manylinux1_i686.whl", hash = "sha256:240296b27397e4e37874abb1df2a608a92df85cf3e2a04d0d4d61055c8305ba6"},
    {file = "typed_ast-1.4.2-cp39-cp39-manylinux1_x86_64.whl", hash = "sha256:d746a437cdbca200622385305aedd9aef68e8a645e385cc483bdc5e488f07166"},
    {file = "typed_ast-1.4.2-cp39-cp39-manylinux2014_aarch64.whl", hash = "sha256:14bf1522cdee369e8f5581238edac09150c765ec1cb33615855889cf33dcb92d"},
    {file = "typed_ast-1.4.2-cp39-cp39-win32.whl", hash = "sha256:cc7b98bf58167b7f2db91a4327da24fb93368838eb84a44c472283778fc2446b"},
    {file = "typed_ast-1.4.2-cp39-cp39-win_amd64.whl", hash = "sha256:7147e2a76c75f0f64c4319886e7639e490fee87c9d25cb1d4faef1d8cf83a440"},
    {file = "typed_ast-1.4.2.tar.gz", hash = "sha256:9fc0b3cb5d1720e7141d103cf4819aea239f7d136acf9ee4a69b047b7986175a"},
]
typing-extensions = [
    {file = "typing_extensions-3.7.4.3-py2-none-any.whl", hash = "sha256:dafc7639cde7f1b6e1acc0f457842a83e722ccca8eef5270af2d74792619a89f"},
    {file = "typing_extensions-3.7.4.3-py3-none-any.whl", hash = "sha256:7cb407020f00f7bfc3cb3e7881628838e69d8f3fcab2f64742a5e76b2f841918"},
    {file = "typing_extensions-3.7.4.3.tar.gz", hash = "sha256:99d4073b617d30288f569d3f13d2bd7548c3a7e4c8de87db09a9d29bb3a4a60c"},
]
zipp = [
    {file = "zipp-3.4.0-py3-none-any.whl", hash = "sha256:102c24ef8f171fd729d46599845e95c7ab894a4cf45f5de11a44cc7444fb1108"},
    {file = "zipp-3.4.0.tar.gz", hash = "sha256:ed5eee1974372595f9e416cc7bbeeb12335201d8081ca8a0743c954d4446e5cb"},
]
zstandard = [
    {file = "zstandard-0.15.1-cp35-cp35m-macosx_10_9_x86_64.whl", hash = "sha256:f12d97f388fc9bb238280641367f49612016d0353a99eff13b58588f60444263"},
    {file = "zstandard-0.15.1-cp35-cp35m-manylinux1_i686.whl", hash = "sha256:72af53b92990ba6118d5dabe8a777cdd36d9fb88d9bf665b84517d0efdcc6f8f"},
    {file = "zstandard-0.15.1-cp35-cp35m-manylinux1_x86_64.whl", hash = "sha256:229530dc3d79b114740f4394ffe94c2ecbd3bbadb20696a9cbbf07f65094dcf3"},
    {file = "zstandard-0.15.1-cp35-cp35m-manylinux2010_i686.whl", hash = "sha256:34bc6bd46cd65f90f018b1f684b027e34841993ab91b951b3385d4a6ea2d8772"},
    {file = "zstandard-0.15.1-cp35-cp35m-manylinux2010_x86_64.whl", hash = "sha256:03c0b012d910c9a78ac046520ebd7b7cd6fe7b93cd4ec3f49b8f0ac39d57d465"},
    {file = "zstandard-0.15.1-cp35-cp35m-manylinux2014_i686.whl", hash = "sha256:326c3cd8a2a87e92dccb0613110922a6fe4bc86e226854943806cf66203fde9f"},
    {file = "zstandard-0.15.1-cp35-cp35m-manylinux2014_x86_64.whl", hash = "sha256:e722ae77e072c26b69a3bca5a4d78d5f4927634f527d05a9057d9d58844053aa"},
    {file = "zstandard-0.15.1-cp35-cp35m-win32.whl", hash = "sha256:92ea1c604ec49f3e4ffcbbcfeadc96ebc48bc2edc5f0cb5e03e9c1204ed91869"},
    {file = "zstandard-0.15.1-cp35-cp35m-win_amd64.whl", hash = "sha256:993ce06458283a6c55ed93b862f7fa22b9c27b855f04c98c25f207a7687056cd"},
    {file = "zstandard-0.15.1-cp36-cp36m-macosx_10_9_x86_64.whl", hash = "sha256:db4b9d491fd9ac6b52cc4640da0c8e7b957d1cd80901be30e8be9a470b242d99"},
    {file = "zstandard-0.15.1-cp36-cp36m-manylinux1_i686.whl", hash = "sha256:e0940e9bd36c2d84afd5bd0c45a9c6db3aa8956c080bf7df65b3220a23449360"},
    {file = "zstandard-0.15.1-cp36-cp36m-manylinux1_x86_64.whl", hash = "sha256:83d84fe875c28f98b574fb7d4ec4e5a41e7cdfeb53b177641eb25afdb93b95cd"},
    {file = "zstandard-0.15.1-cp36-cp36m-manylinux2010_i686.whl", hash = "sha256:4d7a72f6fe882c5c768602739ad5ae74dbf115bca5ec2ed1012a7986d190658c"},
    {file = "zstandard-0.15.1-cp36-cp36m-manylinux2010_x86_64.whl", hash = "sha256:945a49c8e7dbfd28e31eeb8b21d2343370ac75d6ec1c79412a3f9bb4c54c5f13"},
    {file = "zstandard-0.15.1-cp36-cp36m-manylinux2014_i686.whl", hash = "sha256:756f751ca4c0ac8bc7696d2820e14529f00d284358fa2150b4ce57b1a6e16ad3"},
    {file = "zstandard-0.15.1-cp36-cp36m-manylinux2014_x86_64.whl", hash = "sha256:d308f44ca292c0eb117703ee43b995de77c3d3bf99c90b4c6c74e75a10f62eea"},
    {file = "zstandard-0.15.1-cp36-cp36m-win32.whl", hash = "sha256:7bc73d3802145ba40677e8fa8185a0c6848b8e582be3d7d7e5132049cd112307"},
    {file = "zstandard-0.15.1-cp36-cp36m-win_amd64.whl", hash = "sha256:9de5c54e34c845c70c18561afd106cf754b41e009a4fc4131bfed537abc1468d"},
    {file = "zstandard-0.15.1-cp37-cp37m-macosx_10_9_x86_64.whl", hash = "sha256:8de12b37d32a9128a72b6050d4c6070a3bc944557f6b9912ecfc421f9ee97824"},
    {file = "zstandard-0.15.1-cp37-cp37m-manylinux1_i686.whl", hash = "sha256:0fa280d2edd1dd8b61aa5ce46d023d32d31fa05b98070a5b98e7fd4d878bae1d"},
    {file = "zstandard-0.15.1-cp37-cp37m-manylinux1_x86_64.whl", hash = "sha256:b223633865725c5c3840ba25a7e71abdc7bb8113be6dd88fb88d46ebe7280df9"},
    {file = "zstandard-0.15.1-cp37-cp37m-manylinux2010_i686.whl", hash = "sha256:74a7461dbc8a28d5b9754c56f7748aa4bb25a591b166213dbfa99312f5d45814"},
    {file = "zstandard-0.15.1-cp37-cp37m-manylinux2010_x86_64.whl", hash = "sha256:fc28f71d935f65c70b20f649ec8db572cdbdeff35528f3b922d7ae50e9c5f9a9"},
    {file = "zstandard-0.15.1-cp37-cp37m-manylinux2014_i686.whl", hash = "sha256:9e4c5bfcb232491777546265aba9c30c532edcf93f4d16705402732417f81d18"},
    {file = "zstandard-0.15.1-cp37-cp37m-manylinux2014_x86_64.whl", hash = "sha256:f81e2d909327927f7afff2f9961234d4747a163091ad8077edf621a2e128bf80"},
    {file = "zstandard-0.15.1-cp37-cp37m-win32.whl", hash = "sha256:a9f8297180e1f291418524345055c9b2dea9b3ca5db3f72b27e3dac67453a361"},
    {file = "zstandard-0.15.1-cp37-cp37m-win_amd64.whl", hash = "sha256:53e6dac24fabee67ced260fe62d5cf886be92308cbda4d4e217a3a29341f83da"},
    {file = "zstandard-0.15.1-cp38-cp38-macosx_10_9_x86_64.whl", hash = "sha256:a95e0ba90c0a7f7f6e37e1b730b218e31775777b28630e5ebc05c10b4ee1946e"},
    {file = "zstandard-0.15.1-cp38-cp38-manylinux1_i686.whl", hash = "sha256:3b466c146dbe9bb1f2d2c9beccda631f112d93e5ac226388545acdf0325bd213"},
    {file = "zstandard-0.15.1-cp38-cp38-manylinux1_x86_64.whl", hash = "sha256:637d513e0ca84375516b9f5af6f4f0020381200c77e8c43d21fca7f66848e9b7"},
    {file = "zstandard-0.15.1-cp38-cp38-manylinux2010_i686.whl", hash = "sha256:f41d39dc81b0b5558891683267e15c36b43eb06571a5fed7da1e0e2663623d9b"},
    {file = "zstandard-0.15.1-cp38-cp38-manylinux2010_x86_64.whl", hash = "sha256:794517afee12005be1038a0b196c9e4e03409fb2f23e218c11393c6ac658eb5f"},
    {file = "zstandard-0.15.1-cp38-cp38-manylinux2014_i686.whl", hash = "sha256:6c09eb0c302b42939f9b3db9cec7d92e2292fc54f13c680ca6c429634ebaaf46"},
    {file = "zstandard-0.15.1-cp38-cp38-manylinux2014_x86_64.whl", hash = "sha256:3691de9c2583ab5b43d91dd39b6575dbe0ef3314b676459522413817104b1278"},
    {file = "zstandard-0.15.1-cp38-cp38-win32.whl", hash = "sha256:95b682d98086c395e1d8c741a414a4fc8bf7c41254aaa85c8613551fd3ede78c"},
    {file = "zstandard-0.15.1-cp38-cp38-win_amd64.whl", hash = "sha256:7dadb8bd028bd04b1734734227a06a48f64704a6df82be144376db03be95829c"},
    {file = "zstandard-0.15.1-cp39-cp39-macosx_10_9_x86_64.whl", hash = "sha256:4c82f430af910dba1b0e0e5e4b67a74c222703b3575fe1ac268c8257626c0729"},
    {file = "zstandard-0.15.1-cp39-cp39-manylinux1_i686.whl", hash = "sha256:1b8c4c304e694c0664071fb958f0ea7fb9d2ddd008f1f5b4006235910b6eaaed"},
    {file = "zstandard-0.15.1-cp39-cp39-manylinux1_x86_64.whl", hash = "sha256:5aa171eaa420e11dd32e327f0231fc7a7cd00c3fad5cbd11f27844827b82317d"},
    {file = "zstandard-0.15.1-cp39-cp39-manylinux2010_i686.whl", hash = "sha256:9d9ab430027e3e04a7d4f13f7af693b80cceb728ff25f2e7a16f19851fa0fe3e"},
    {file = "zstandard-0.15.1-cp39-cp39-manylinux2010_x86_64.whl", hash = "sha256:ff7642a936734781708ece0721c58b238759be4c473f1855d50515a0fa10a5a2"},
    {file = "zstandard-0.15.1-cp39-cp39-manylinux2014_i686.whl", hash = "sha256:bea22653bf7242320f9cca1c68f8e381134bee8b2c8f36823085b7e398fad11a"},
    {file = "zstandard-0.15.1-cp39-cp39-manylinux2014_x86_64.whl", hash = "sha256:f8905bc741dcec0f6a74445fbfadc032772daca4a908dad7d43e8d65ae1fd3f4"},
    {file = "zstandard-0.15.1-cp39-cp39-win32.whl", hash = "sha256:d2c3a460291ee042057a2dfe962b018a3e49cc0ec83efdfa6a714dcbc4d4b351"},
    {file = "zstandard-0.15.1-cp39-cp39-win_amd64.whl", hash = "sha256:5418e2279a47802886241891fcd82b946dc176e1384c00efe87b32f7d633b879"},
    {file = "zstandard-0.15.1.tar.gz", hash = "sha256:cb7c6a6f7d62350b9f5539045da54422975630e34dd9069584cc776b9917115f"},
]
